{
  "version": 4,
  "terraform_version": "1.8.2",
  "serial": 4,
  "lineage": "d60537da-fe1a-4309-bbf1-6912d6e820b5",
  "outputs": {},
  "resources": [
    {
      "module": "module.digitalocean_ssh_key",
      "mode": "managed",
      "type": "digitalocean_ssh_key",
      "name": "prod_ssh_key",
      "provider": "module.digitalocean_ssh_key.provider[\"registry.terraform.io/digitalocean/digitalocean\"]",
      "instances": [
        {
          "schema_version": 0,
          "attributes": {
            "fingerprint": "ee:1d:d2:e8:f2:a1:43:25:f7:dd:79:df:2e:e2:c8:ac",
            "id": "42293633",
            "name": "sourcingapp-ssh-key",
            "public_key": "ssh-ed25519 AAAAC3NzaC1lZDI1NTE5AAAAIHMSZxyFC+FOWRwvfM7Ik1kmbn7XNWIcwLq7+/QNOuAp oddyse2k@yahoo.com\n"
          },
          "sensitive_attributes": [
            [
              {
                "type": "get_attr",
                "value": "public_key"
              }
            ]
          ],
          "private": "bnVsbA=="
        }
      ]
    },
    {
      "module": "module.droplets",
      "mode": "managed",
      "type": "digitalocean_droplet",
      "name": "node",
      "provider": "module.droplets.provider[\"registry.terraform.io/digitalocean/digitalocean\"]",
      "instances": [
        {
          "index_key": "worker1",
          "schema_version": 1,
          "attributes": {
            "backups": false,
            "created_at": "2024-06-03T17:15:37Z",
            "disk": 120,
            "droplet_agent": null,
            "graceful_shutdown": false,
            "id": "423158242",
            "image": "ubuntu-23-10-x64",
            "ipv4_address": "209.97.129.197",
            "ipv4_address_private": "10.106.0.2",
            "ipv6": false,
            "ipv6_address": "",
            "locked": false,
            "memory": 4096,
            "monitoring": false,
            "name": "sourcingapp-worker1-droplet",
            "price_hourly": 0.04762,
            "price_monthly": 32,
            "private_networking": true,
            "region": "lon1",
            "resize_disk": true,
            "size": "s-2vcpu-4gb-120gb-intel",
            "ssh_keys": [
              "ee:1d:d2:e8:f2:a1:43:25:f7:dd:79:df:2e:e2:c8:ac"
            ],
            "status": "active",
            "tags": null,
            "timeouts": null,
            "urn": "do:droplet:423158242",
            "user_data": null,
            "vcpus": 2,
            "volume_ids": [],
            "vpc_uuid": "2262aa30-0931-4979-b150-e91521575908"
          },
          "sensitive_attributes": [
            [
              {
                "type": "get_attr",
                "value": "ssh_keys"
              }
            ]
          ],
          "private": "eyJlMmJmYjczMC1lY2FhLTExZTYtOGY4OC0zNDM2M2JjN2M0YzAiOnsiY3JlYXRlIjozNjAwMDAwMDAwMDAwLCJkZWxldGUiOjYwMDAwMDAwMDAwLCJ1cGRhdGUiOjM2MDAwMDAwMDAwMDB9LCJzY2hlbWFfdmVyc2lvbiI6IjEifQ=="
        }
      ]
    }
  ],
  "check_results": null
}
