{
  "version": 4,
  "terraform_version": "1.8.2",
  "serial": 42,
  "lineage": "8ba9a30f-c871-f73c-a1b8-4e203c4073df",
  "outputs": {},
  "resources": [
    {
      "module": "module.ansible_setup",
      "mode": "data",
      "type": "template_file",
      "name": "inventory",
      "provider": "provider[\"registry.terraform.io/hashicorp/template\"]",
      "instances": [
        {
          "schema_version": 0,
          "attributes": {
            "filename": null,
            "id": "f3e085bf7960645afef04be1cfc53ed73e3c2b7024ebb0fb6144d6db31ccef1d",
            "rendered": "# This inventory.ini file was generated by terraform and should be used \n# with ansible to manage the swarm cluster created by terraform\n# Loadbalance IP: 159.223.246.154\n\n[swarm_managers]\nmanager1 ansible_host=188.166.138.248 ansible_ssh_user=root ansible_ssh_private_key_file=/Users/mujimoyen/.ssh/sourcingapp_ed25519\n\n[swarm_workers]\nworker1 ansible_host=188.166.137.204 ansible_ssh_user=root ansible_ssh_private_key_file=/Users/mujimoyen/.ssh/sourcingapp_ed25519\nworker2 ansible_host=188.166.137.58 ansible_ssh_user=root ansible_ssh_private_key_file=/Users/mujimoyen/.ssh/sourcingapp_ed25519\n\n[servers:children]\nswarm_managers\nswarm_workers",
            "template": "# This inventory.ini file was generated by terraform and should be used \n# with ansible to manage the swarm cluster created by terraform\n# Loadbalance IP: ${lb_ip}\n\n[swarm_managers]\n${managers}\n\n[swarm_workers]\n${workers}\n\n[servers:children]\nswarm_managers\nswarm_workers",
            "vars": {
              "lb_ip": "159.223.246.154",
              "managers": "manager1 ansible_host=188.166.138.248 ansible_ssh_user=root ansible_ssh_private_key_file=/Users/mujimoyen/.ssh/sourcingapp_ed25519",
              "workers": "worker1 ansible_host=188.166.137.204 ansible_ssh_user=root ansible_ssh_private_key_file=/Users/mujimoyen/.ssh/sourcingapp_ed25519\nworker2 ansible_host=188.166.137.58 ansible_ssh_user=root ansible_ssh_private_key_file=/Users/mujimoyen/.ssh/sourcingapp_ed25519"
            }
          },
          "sensitive_attributes": []
        }
      ]
    },
    {
      "module": "module.ansible_setup",
      "mode": "managed",
      "type": "null_resource",
      "name": "ansible_inventory",
      "provider": "provider[\"registry.terraform.io/hashicorp/null\"]",
      "instances": [
        {
          "schema_version": 0,
          "attributes": {
            "id": "8077408629648664855",
            "triggers": {
              "always_run": "2024-06-02T22:09:30Z"
            }
          },
          "sensitive_attributes": [],
          "dependencies": [
            "module.ansible_setup.data.template_file.inventory",
            "module.droplets.digitalocean_droplet.node",
            "module.floating_ips.digitalocean_floating_ip.floating_ip",
            "module.loadbalancer.digitalocean_loadbalancer.app_lb"
          ]
        }
      ]
    },
    {
      "module": "module.digitalocean_ssh_key",
      "mode": "managed",
      "type": "digitalocean_ssh_key",
      "name": "prod_ssh_key",
      "provider": "module.digitalocean_ssh_key.provider[\"registry.terraform.io/digitalocean/digitalocean\"]",
      "instances": [
        {
          "schema_version": 0,
          "attributes": {
            "fingerprint": "ee:1d:d2:e8:f2:a1:43:25:f7:dd:79:df:2e:e2:c8:ac",
            "id": "42284469",
            "name": "sourcingapp-ssh-key",
            "public_key": "ssh-ed25519 AAAAC3NzaC1lZDI1NTE5AAAAIHMSZxyFC+FOWRwvfM7Ik1kmbn7XNWIcwLq7+/QNOuAp oddyse2k@yahoo.com\n"
          },
          "sensitive_attributes": [
            [
              {
                "type": "get_attr",
                "value": "public_key"
              }
            ]
          ],
          "private": "bnVsbA=="
        }
      ]
    },
    {
      "module": "module.droplets",
      "mode": "managed",
      "type": "digitalocean_droplet",
      "name": "node",
      "provider": "module.droplets.provider[\"registry.terraform.io/digitalocean/digitalocean\"]",
      "instances": [
        {
          "index_key": "manager1",
          "schema_version": 1,
          "attributes": {
            "backups": false,
            "created_at": "2024-06-02T22:07:08Z",
            "disk": 120,
            "droplet_agent": null,
            "graceful_shutdown": false,
            "id": "422981830",
            "image": "ubuntu-23-10-x64",
            "ipv4_address": "206.189.125.250",
            "ipv4_address_private": "10.106.0.3",
            "ipv6": false,
            "ipv6_address": "",
            "locked": false,
            "memory": 4096,
            "monitoring": false,
            "name": "sourcingapp-manager1-droplet",
            "price_hourly": 0.04762,
            "price_monthly": 32,
            "private_networking": true,
            "region": "lon1",
            "resize_disk": true,
            "size": "s-2vcpu-4gb-120gb-intel",
            "ssh_keys": [
              "ee:1d:d2:e8:f2:a1:43:25:f7:dd:79:df:2e:e2:c8:ac"
            ],
            "status": "active",
            "tags": null,
            "timeouts": null,
            "urn": "do:droplet:422981830",
            "user_data": null,
            "vcpus": 2,
            "volume_ids": [],
            "vpc_uuid": "2262aa30-0931-4979-b150-e91521575908"
          },
          "sensitive_attributes": [
            [
              {
                "type": "get_attr",
                "value": "ssh_keys"
              }
            ]
          ],
          "private": "eyJlMmJmYjczMC1lY2FhLTExZTYtOGY4OC0zNDM2M2JjN2M0YzAiOnsiY3JlYXRlIjozNjAwMDAwMDAwMDAwLCJkZWxldGUiOjYwMDAwMDAwMDAwLCJ1cGRhdGUiOjM2MDAwMDAwMDAwMDB9LCJzY2hlbWFfdmVyc2lvbiI6IjEifQ=="
        },
        {
          "index_key": "worker1",
          "schema_version": 1,
          "attributes": {
            "backups": false,
            "created_at": "2024-06-02T22:07:08Z",
            "disk": 120,
            "droplet_agent": null,
            "graceful_shutdown": false,
            "id": "422981824",
            "image": "ubuntu-23-10-x64",
            "ipv4_address": "206.189.125.210",
            "ipv4_address_private": "10.106.0.2",
            "ipv6": false,
            "ipv6_address": "",
            "locked": false,
            "memory": 4096,
            "monitoring": false,
            "name": "sourcingapp-worker1-droplet",
            "price_hourly": 0.04762,
            "price_monthly": 32,
            "private_networking": true,
            "region": "lon1",
            "resize_disk": true,
            "size": "s-2vcpu-4gb-120gb-intel",
            "ssh_keys": [
              "ee:1d:d2:e8:f2:a1:43:25:f7:dd:79:df:2e:e2:c8:ac"
            ],
            "status": "active",
            "tags": null,
            "timeouts": null,
            "urn": "do:droplet:422981824",
            "user_data": null,
            "vcpus": 2,
            "volume_ids": [],
            "vpc_uuid": "2262aa30-0931-4979-b150-e91521575908"
          },
          "sensitive_attributes": [
            [
              {
                "type": "get_attr",
                "value": "ssh_keys"
              }
            ]
          ],
          "private": "eyJlMmJmYjczMC1lY2FhLTExZTYtOGY4OC0zNDM2M2JjN2M0YzAiOnsiY3JlYXRlIjozNjAwMDAwMDAwMDAwLCJkZWxldGUiOjYwMDAwMDAwMDAwLCJ1cGRhdGUiOjM2MDAwMDAwMDAwMDB9LCJzY2hlbWFfdmVyc2lvbiI6IjEifQ=="
        },
        {
          "index_key": "worker2",
          "schema_version": 1,
          "attributes": {
            "backups": false,
            "created_at": "2024-06-02T22:07:08Z",
            "disk": 120,
            "droplet_agent": null,
            "graceful_shutdown": false,
            "id": "422981822",
            "image": "ubuntu-23-10-x64",
            "ipv4_address": "206.189.115.0",
            "ipv4_address_private": "10.106.0.4",
            "ipv6": false,
            "ipv6_address": "",
            "locked": false,
            "memory": 4096,
            "monitoring": false,
            "name": "sourcingapp-worker2-droplet",
            "price_hourly": 0.04762,
            "price_monthly": 32,
            "private_networking": true,
            "region": "lon1",
            "resize_disk": true,
            "size": "s-2vcpu-4gb-120gb-intel",
            "ssh_keys": [
              "ee:1d:d2:e8:f2:a1:43:25:f7:dd:79:df:2e:e2:c8:ac"
            ],
            "status": "active",
            "tags": null,
            "timeouts": null,
            "urn": "do:droplet:422981822",
            "user_data": null,
            "vcpus": 2,
            "volume_ids": [],
            "vpc_uuid": "2262aa30-0931-4979-b150-e91521575908"
          },
          "sensitive_attributes": [
            [
              {
                "type": "get_attr",
                "value": "ssh_keys"
              }
            ]
          ],
          "private": "eyJlMmJmYjczMC1lY2FhLTExZTYtOGY4OC0zNDM2M2JjN2M0YzAiOnsiY3JlYXRlIjozNjAwMDAwMDAwMDAwLCJkZWxldGUiOjYwMDAwMDAwMDAwLCJ1cGRhdGUiOjM2MDAwMDAwMDAwMDB9LCJzY2hlbWFfdmVyc2lvbiI6IjEifQ=="
        }
      ]
    },
    {
      "module": "module.floating_ips",
      "mode": "managed",
      "type": "digitalocean_floating_ip",
      "name": "floating_ip",
      "provider": "module.floating_ips.provider[\"registry.terraform.io/digitalocean/digitalocean\"]",
      "instances": [
        {
          "index_key": "manager1",
          "schema_version": 0,
          "attributes": {
            "droplet_id": null,
            "id": "188.166.138.248",
            "ip_address": "188.166.138.248",
            "region": "lon1",
            "urn": "do:floatingip:188.166.138.248"
          },
          "sensitive_attributes": [],
          "private": "bnVsbA==",
          "dependencies": [
            "module.droplets.digitalocean_droplet.node"
          ]
        },
        {
          "index_key": "worker1",
          "schema_version": 0,
          "attributes": {
            "droplet_id": null,
            "id": "188.166.137.204",
            "ip_address": "188.166.137.204",
            "region": "lon1",
            "urn": "do:floatingip:188.166.137.204"
          },
          "sensitive_attributes": [],
          "private": "bnVsbA==",
          "dependencies": [
            "module.droplets.digitalocean_droplet.node"
          ]
        },
        {
          "index_key": "worker2",
          "schema_version": 0,
          "attributes": {
            "droplet_id": null,
            "id": "188.166.137.58",
            "ip_address": "188.166.137.58",
            "region": "lon1",
            "urn": "do:floatingip:188.166.137.58"
          },
          "sensitive_attributes": [],
          "private": "bnVsbA==",
          "dependencies": [
            "module.droplets.digitalocean_droplet.node"
          ]
        }
      ]
    },
    {
      "module": "module.floating_ips",
      "mode": "managed",
      "type": "digitalocean_floating_ip_assignment",
      "name": "ip_assignment",
      "provider": "module.floating_ips.provider[\"registry.terraform.io/digitalocean/digitalocean\"]",
      "instances": [
        {
          "index_key": "manager1",
          "schema_version": 0,
          "attributes": {
            "droplet_id": 422981830,
            "id": "422981830-188.166.138.248-20240602220750396000000001",
            "ip_address": "188.166.138.248"
          },
          "sensitive_attributes": [],
          "private": "bnVsbA==",
          "dependencies": [
            "module.droplets.digitalocean_droplet.node",
            "module.floating_ips.digitalocean_floating_ip.floating_ip"
          ]
        },
        {
          "index_key": "worker1",
          "schema_version": 0,
          "attributes": {
            "droplet_id": 422981824,
            "id": "422981824-188.166.137.204-20240602220750426500000002",
            "ip_address": "188.166.137.204"
          },
          "sensitive_attributes": [],
          "private": "bnVsbA==",
          "dependencies": [
            "module.droplets.digitalocean_droplet.node",
            "module.floating_ips.digitalocean_floating_ip.floating_ip"
          ]
        },
        {
          "index_key": "worker2",
          "schema_version": 0,
          "attributes": {
            "droplet_id": 422981822,
            "id": "422981822-188.166.137.58-20240602220750689000000003",
            "ip_address": "188.166.137.58"
          },
          "sensitive_attributes": [],
          "private": "bnVsbA==",
          "dependencies": [
            "module.droplets.digitalocean_droplet.node",
            "module.floating_ips.digitalocean_floating_ip.floating_ip"
          ]
        }
      ]
    },
    {
      "module": "module.loadbalancer",
      "mode": "managed",
      "type": "digitalocean_loadbalancer",
      "name": "app_lb",
      "provider": "module.loadbalancer.provider[\"registry.terraform.io/digitalocean/digitalocean\"]",
      "instances": [
        {
          "schema_version": 1,
          "attributes": {
            "algorithm": "round_robin",
            "disable_lets_encrypt_dns_records": false,
            "droplet_ids": [
              422981822,
              422981824,
              422981830
            ],
            "droplet_tag": "",
            "enable_backend_keepalive": false,
            "enable_proxy_protocol": false,
            "firewall": [],
            "forwarding_rule": [
              {
                "certificate_id": "",
                "certificate_name": "",
                "entry_port": 80,
                "entry_protocol": "http",
                "target_port": 80,
                "target_protocol": "http",
                "tls_passthrough": false
              }
            ],
            "healthcheck": [
              {
                "check_interval_seconds": 10,
                "healthy_threshold": 5,
                "path": "",
                "port": 80,
                "protocol": "tcp",
                "response_timeout_seconds": 5,
                "unhealthy_threshold": 3
              }
            ],
            "http_idle_timeout_seconds": 60,
            "id": "1f42484b-d9dc-41e5-a9bf-fc5b14e194aa",
            "ip": "159.223.246.154",
            "name": "sourcingapp-lb",
            "project_id": "9ef9d630-6b86-42d0-80f2-16fb34debd06",
            "redirect_http_to_https": false,
            "region": "lon1",
            "size": null,
            "size_unit": 1,
            "status": "active",
            "sticky_sessions": [
              {
                "cookie_name": "",
                "cookie_ttl_seconds": 0,
                "type": "none"
              }
            ],
            "type": null,
            "urn": "do:loadbalancer:1f42484b-d9dc-41e5-a9bf-fc5b14e194aa",
            "vpc_uuid": "2262aa30-0931-4979-b150-e91521575908"
          },
          "sensitive_attributes": [],
          "private": "eyJzY2hlbWFfdmVyc2lvbiI6IjEifQ==",
          "dependencies": [
            "module.droplets.digitalocean_droplet.node"
          ]
        }
      ]
    }
  ],
  "check_results": null
}
